// !$*UTF8*$!
{
	archiveVersion = 1;
	classes = {
	};
	objectVersion = 50;
	objects = {

/* Begin PBXBuildFile section */
		ABA9FC2623DCEE7800A153DE /* AppDelegate.swift in Sources */ = {isa = PBXBuildFile; fileRef = ABA9FC2523DCEE7800A153DE /* AppDelegate.swift */; };
		ABA9FC2823DCEE7800A153DE /* ViewController.swift in Sources */ = {isa = PBXBuildFile; fileRef = ABA9FC2723DCEE7800A153DE /* ViewController.swift */; };
		ABA9FC2B23DCEE7900A153DE /* Main.storyboard in Resources */ = {isa = PBXBuildFile; fileRef = ABA9FC2923DCEE7900A153DE /* Main.storyboard */; };
		ABA9FC2D23DCEE7A00A153DE /* Assets.xcassets in Resources */ = {isa = PBXBuildFile; fileRef = ABA9FC2C23DCEE7A00A153DE /* Assets.xcassets */; };
		ABA9FC3023DCEE7A00A153DE /* LaunchScreen.storyboard in Resources */ = {isa = PBXBuildFile; fileRef = ABA9FC2E23DCEE7A00A153DE /* LaunchScreen.storyboard */; };
		ABA9FC3823DCF82200A153DE /* QRViewController.swift in Sources */ = {isa = PBXBuildFile; fileRef = ABA9FC3723DCF82200A153DE /* QRViewController.swift */; };
/* End PBXBuildFile section */

/* Begin PBXFileReference section */
		ABA9FC2223DCEE7800A153DE /* SmartQR.app */ = {isa = PBXFileReference; explicitFileType = wrapper.application; includeInIndex = 0; path = SmartQR.app; sourceTree = BUILT_PRODUCTS_DIR; };
		ABA9FC2523DCEE7800A153DE /* AppDelegate.swift */ = {isa = PBXFileReference; lastKnownFileType = sourcecode.swift; path = AppDelegate.swift; sourceTree = "<group>"; };
		ABA9FC2723DCEE7800A153DE /* ViewController.swift */ = {isa = PBXFileReference; lastKnownFileType = sourcecode.swift; path = ViewController.swift; sourceTree = "<group>"; };
		ABA9FC2A23DCEE7900A153DE /* Base */ = {isa = PBXFileReference; lastKnownFileType = file.storyboard; name = Base; path = Base.lproj/Main.storyboard; sourceTree = "<group>"; };
		ABA9FC2C23DCEE7A00A153DE /* Assets.xcassets */ = {isa = PBXFileReference; lastKnownFileType = folder.assetcatalog; path = Assets.xcassets; sourceTree = "<group>"; };
		ABA9FC2F23DCEE7A00A153DE /* Base */ = {isa = PBXFileReference; lastKnownFileType = file.storyboard; name = Base; path = Base.lproj/LaunchScreen.storyboard; sourceTree = "<group>"; };
		ABA9FC3123DCEE7A00A153DE /* Info.plist */ = {isa = PBXFileReference; lastKnownFileType = text.plist.xml; path = Info.plist; sourceTree = "<group>"; };
		ABA9FC3723DCF82200A153DE /* QRViewController.swift */ = {isa = PBXFileReference; lastKnownFileType = sourcecode.swift; path = QRViewController.swift; sourceTree = "<group>"; };
/* End PBXFileReference section */

/* Begin PBXFrameworksBuildPhase section */
		ABA9FC1F23DCEE7800A153DE /* Frameworks */ = {
			isa = PBXFrameworksBuildPhase;
			buildActionMask = 2147483647;
			files = (
			);
			runOnlyForDeploymentPostprocessing = 0;
		};
/* End PBXFrameworksBuildPhase section */

/* Begin PBXGroup section */
		ABA9FC1923DCEE7800A153DE = {
			isa = PBXGroup;
			children = (
				ABA9FC2423DCEE7800A153DE /* SmartQR */,
				ABA9FC2323DCEE7800A153DE /* Products */,
			);
			sourceTree = "<group>";
		};
		ABA9FC2323DCEE7800A153DE /* Products */ = {
			isa = PBXGroup;
			children = (
				ABA9FC2223DCEE7800A153DE /* SmartQR.app */,
			);
			name = Products;
			sourceTree = "<group>";
		};
		ABA9FC2423DCEE7800A153DE /* SmartQR */ = {
			isa = PBXGroup;
			children = (
				ABA9FC2523DCEE7800A153DE /* AppDelegate.swift */,
				ABA9FC2723DCEE7800A153DE /* ViewController.swift */,
				ABA9FC2923DCEE7900A153DE /* Main.storyboard */,
				ABA9FC3723DCF82200A153DE /* QRViewController.swift */,
				ABA9FC2C23DCEE7A00A153DE /* Assets.xcassets */,
				ABA9FC2E23DCEE7A00A153DE /* LaunchScreen.storyboard */,
				ABA9FC3123DCEE7A00A153DE /* Info.plist */,
			);
			path = SmartQR;
			sourceTree = "<group>";
		};
/* End PBXGroup section */

/* Begin PBXNativeTarget section */
		ABA9FC2123DCEE7800A153DE /* SmartQR */ = {
			isa = PBXNativeTarget;
			buildConfigurationList = ABA9FC3423DCEE7A00A153DE /* Build configuration list for PBXNativeTarget "SmartQR" */;
			buildPhases = (
				ABA9FC1E23DCEE7800A153DE /* Sources */,
				ABA9FC1F23DCEE7800A153DE /* Frameworks */,
				ABA9FC2023DCEE7800A153DE /* Resources */,
			);
			buildRules = (
			);
			dependencies = (
			);
			name = SmartQR;
			productName = SmartQR;
			productReference = ABA9FC2223DCEE7800A153DE /* SmartQR.app */;
			productType = "com.apple.product-type.application";
		};
/* End PBXNativeTarget section */

/* Begin PBXProject section */
		ABA9FC1A23DCEE7800A153DE /* Project object */ = {
			isa = PBXProject;
			attributes = {
				LastSwiftUpdateCheck = 0940;
				LastUpgradeCheck = 0940;
				ORGANIZATIONNAME = "Abhi Jani";
				TargetAttributes = {
					ABA9FC2123DCEE7800A153DE = {
						CreatedOnToolsVersion = 9.4.1;
					};
				};
			};
			buildConfigurationList = ABA9FC1D23DCEE7800A153DE /* Build configuration list for PBXProject "SmartQR" */;
			compatibilityVersion = "Xcode 9.3";
			developmentRegion = en;
			hasScannedForEncodings = 0;
			knownRegions = (
				en,
				Base,
			);
			mainGroup = ABA9FC1923DCEE7800A153DE;
			productRefGroup = ABA9FC2323DCEE7800A153DE /* Products */;
			projectDirPath = "";
			projectRoot = "";
			targets = (
				ABA9FC2123DCEE7800A153DE /* SmartQR */,
			);
		};
/* End PBXProject section */

/* Begin PBXResourcesBuildPhase section */
		ABA9FC2023DCEE7800A153DE /* Resources */ = {
			isa = PBXResourcesBuildPhase;
			buildActionMask = 2147483647;
			files = (
				ABA9FC3023DCEE7A00A153DE /* LaunchScreen.storyboard in Resources */,
				ABA9FC2D23DCEE7A00A153DE /* Assets.xcassets in Resources */,
				ABA9FC2B23DCEE7900A153DE /* Main.storyboard in Resources */,
			);
			runOnlyForDeploymentPostprocessing = 0;
		};
/* End PBXResourcesBuildPhase section */

/* Begin PBXSourcesBuildPhase section */
		ABA9FC1E23DCEE7800A153DE /* Sources */ = {
			isa = PBXSourcesBuildPhase;
			buildActionMask = 2147483647;
			files = (
				ABA9FC2823DCEE7800A153DE /* ViewController.swift in Sources */,
				ABA9FC2623DCEE7800A153DE /* AppDelegate.swift in Sources */,
				ABA9FC3823DCF82200A153DE /* QRViewController.swift in Sources */,
			);
			runOnlyForDeploymentPostprocessing = 0;
		};
/* End PBXSourcesBuildPhase section */

/* Begin PBXVariantGroup section */
		ABA9FC2923DCEE7900A153DE /* Main.storyboard */ = {
			isa = PBXVariantGroup;
			children = (
				ABA9FC2A23DCEE7900A153DE /* Base */,
			);
			name = Main.storyboard;
			sourceTree = "<group>";
		};
		ABA9FC2E23DCEE7A00A153DE /* LaunchScreen.storyboard */ = {
			isa = PBXVariantGroup;
			children = (
				ABA9FC2F23DCEE7A00A153DE /* Base */,
			);
			name = LaunchScreen.storyboard;
			sourceTree = "<group>";
		};
/* End PBXVariantGroup section */

/* Begin XCBuildConfiguration section */
		ABA9FC3223DCEE7A00A153DE /* Debug */ = {
			isa = XCBuildConfiguration;
			buildSettings = {
				ALWAYS_SEARCH_USER_PATHS = NO;
				CLANG_ANALYZER_NONNULL = YES;
				CLANG_ANALYZER_NUMBER_OBJECT_CONVERSION = YES_AGGRESSIVE;
				CLANG_CXX_LANGUAGE_STANDARD = "gnu++14";
				CLANG_CXX_LIBRARY = "libc++";
				CLANG_ENABLE_MODULES = YES;
				CLANG_ENABLE_OBJC_ARC = YES;
				CLANG_ENABLE_OBJC_WEAK = YES;
				CLANG_WARN_BLOCK_CAPTURE_AUTORELEASING = YES;
				CLANG_WARN_BOOL_CONVERSION = YES;
				CLANG_WARN_COMMA = YES;
				CLANG_WARN_CONSTANT_CONVERSION = YES;
				CLANG_WARN_DEPRECATED_OBJC_IMPLEMENTATIONS = YES;
				CLANG_WARN_DIRECT_OBJC_ISA_USAGE = YES_ERROR;
				CLANG_WARN_DOCUMENTATION_COMMENTS = YES;
				CLANG_WARN_EMPTY_BODY = YES;
				CLANG_WARN_ENUM_CONVERSION = YES;
				CLANG_WARN_INFINITE_RECURSION = YES;
				CLANG_WARN_INT_CONVERSION = YES;
				CLANG_WARN_NON_LITERAL_NULL_CONVERSION = YES;
				CLANG_WARN_OBJC_IMPLICIT_RETAIN_SELF = YES;
				CLANG_WARN_OBJC_LITERAL_CONVERSION = YES;
				CLANG_WARN_OBJC_ROOT_CLASS = YES_ERROR;
				CLANG_WARN_RANGE_LOOP_ANALYSIS = YES;
				CLANG_WARN_STRICT_PROTOTYPES = YES;
				CLANG_WARN_SUSPICIOUS_MOVE = YES;
				CLANG_WARN_UNGUARDED_AVAILABILITY = YES_AGGRESSIVE;
				CLANG_WARN_UNREACHABLE_CODE = YES;
				CLANG_WARN__DUPLICATE_METHOD_MATCH = YES;
				CODE_SIGN_IDENTITY = "iPhone Developer";
				COPY_PHASE_STRIP = NO;
				DEBUG_INFORMATION_FORMAT = dwarf;
				ENABLE_STRICT_OBJC_MSGSEND = YES;
				ENABLE_TESTABILITY = YES;
				GCC_C_LANGUAGE_STANDARD = gnu11;
				GCC_DYNAMIC_NO_PIC = NO;
				GCC_NO_COMMON_BLOCKS = YES;
				GCC_OPTIMIZATION_LEVEL = 0;
				GCC_PREPROCESSOR_DEFINITIONS = (
					"DEBUG=1",
					"$(inherited)",
				);
				GCC_WARN_64_TO_32_BIT_CONVERSION = YES;
				GCC_WARN_ABOUT_RETURN_TYPE = YES_ERROR;
				GCC_WARN_UNDECLARED_SELECTOR = YES;
				GCC_WARN_UNINITIALIZED_AUTOS = YES_AGGRESSIVE;
				GCC_WARN_UNUSED_FUNCTION = YES;
				GCC_WARN_UNUSED_VARIABLE = YES;
				IPHONEOS_DEPLOYMENT_TARGET = 11.4;
				MTL_ENABLE_DEBUG_INFO = YES;
				ONLY_ACTIVE_ARCH = YES;
				SDKROOT = iphoneos;
				SWIFT_ACTIVE_COMPILATION_CONDITIONS = DEBUG;
				SWIFT_OPTIMIZATION_LEVEL = "-Onone";
			};
			name = Debug;
		};
		ABA9FC3323DCEE7A00A153DE /* Release */ = {
			isa = XCBuildConfiguration;
			buildSettings = {
				ALWAYS_SEARCH_USER_PATHS = NO;
				CLANG_ANALYZER_NONNULL = YES;
				CLANG_ANALYZER_NUMBER_OBJECT_CONVERSION = YES_AGGRESSIVE;
				CLANG_CXX_LANGUAGE_STANDARD = "gnu++14";
				CLANG_CXX_LIBRARY = "libc++";
				CLANG_ENABLE_MODULES = YES;
				CLANG_ENABLE_OBJC_ARC = YES;
				CLANG_ENABLE_OBJC_WEAK = YES;
				CLANG_WARN_BLOCK_CAPTURE_AUTORELEASING = YES;
				CLANG_WARN_BOOL_CONVERSION = YES;
				CLANG_WARN_COMMA = YES;
				CLANG_WARN_CONSTANT_CONVERSION = YES;
				CLANG_WARN_DEPRECATED_OBJC_IMPLEMENTATIONS = YES;
				CLANG_WARN_DIRECT_OBJC_ISA_USAGE = YES_ERROR;
				CLANG_WARN_DOCUMENTATION_COMMENTS = YES;
				CLANG_WARN_EMPTY_BODY = YES;
				CLANG_WARN_ENUM_CONVERSION = YES;
				CLANG_WARN_INFINITE_RECURSION = YES;
				CLANG_WARN_INT_CONVERSION = YES;
				CLANG_WARN_NON_LITERAL_NULL_CONVERSION = YES;
				CLANG_WARN_OBJC_IMPLICIT_RETAIN_SELF = YES;
				CLANG_WARN_OBJC_LITERAL_CONVERSION = YES;
				CLANG_WARN_OBJC_ROOT_CLASS = YES_ERROR;
				CLANG_WARN_RANGE_LOOP_ANALYSIS = YES;
				CLANG_WARN_STRICT_PROTOTYPES = YES;
				CLANG_WARN_SUSPICIOUS_MOVE = YES;
				CLANG_WARN_UNGUARDED_AVAILABILITY = YES_AGGRESSIVE;
				CLANG_WARN_UNREACHABLE_CODE = YES;
				CLANG_WARN__DUPLICATE_METHOD_MATCH = YES;
				CODE_SIGN_IDENTITY = "iPhone Developer";
				COPY_PHASE_STRIP = NO;
				DEBUG_INFORMATION_FORMAT = "dwarf-with-dsym";
				ENABLE_NS_ASSERTIONS = NO;
				ENABLE_STRICT_OBJC_MSGSEND = YES;
				GCC_C_LANGUAGE_STANDARD = gnu11;
				GCC_NO_COMMON_BLOCKS = YES;
				GCC_WARN_64_TO_32_BIT_CONVERSION = YES;
				GCC_WARN_ABOUT_RETURN_TYPE = YES_ERROR;
				GCC_WARN_UNDECLARED_SELECTOR = YES;
				GCC_WARN_UNINITIALIZED_AUTOS = YES_AGGRESSIVE;
				GCC_WARN_UNUSED_FUNCTION = YES;
				GCC_WARN_UNUSED_VARIABLE = YES;
				IPHONEOS_DEPLOYMENT_TARGET = 11.4;
				MTL_ENABLE_DEBUG_INFO = NO;
				SDKROOT = iphoneos;
				SWIFT_COMPILATION_MODE = wholemodule;
				SWIFT_OPTIMIZATION_LEVEL = "-O";
				VALIDATE_PRODUCT = YES;
			};
			name = Release;
		};
		ABA9FC3523DCEE7A00A153DE /* Debug */ = {
			isa = XCBuildConfiguration;
			buildSettings = {
				ASSETCATALOG_COMPILER_APPICON_NAME = AppIcon;
				CODE_SIGN_STYLE = Automatic;
				DEVELOPMENT_TEAM = 3CPT5B7KH8;
				INFOPLIST_FILE = SmartQR/Info.plist;
				LD_RUNPATH_SEARCH_PATHS = (
					"$(inherited)",
					"@executable_path/Frameworks",
				);
				PRODUCT_BUNDLE_IDENTIFIER = "Smash-Bros.SmartQR";
				PRODUCT_NAME = "$(TARGET_NAME)";
				SWIFT_VERSION = 4.0;
				TARGETED_DEVICE_FAMILY = "1,2";
			};
			name = Debug;
		};
		ABA9FC3623DCEE7A00A153DE /* Release */ = {
			isa = XCBuildConfiguration;
			buildSettings = {
				ASSETCATALOG_COMPILER_APPICON_NAME = AppIcon;
				CODE_SIGN_STYLE = Automatic;
				DEVELOPMENT_TEAM = 3CPT5B7KH8;
				INFOPLIST_FILE = SmartQR/Info.plist;
				LD_RUNPATH_SEARCH_PATHS = (
					"$(inherited)",
					"@executable_path/Frameworks",
				);
				PRODUCT_BUNDLE_IDENTIFIER = "Smash-Bros.SmartQR";
				PRODUCT_NAME = "$(TARGET_NAME)";
				SWIFT_VERSION = 4.0;
				TARGETED_DEVICE_FAMILY = "1,2";
			};
			name = Release;
		};
/* End XCBuildConfiguration section */

/* Begin XCConfigurationList section */
		ABA9FC1D23DCEE7800A153DE /* Build configuration list for PBXProject "SmartQR" */ = {
			isa = XCConfigurationList;
			buildConfigurations = (
				ABA9FC3223DCEE7A00A153DE /* Debug */,
				ABA9FC3323DCEE7A00A153DE /* Release */,
			);
			defaultConfigurationIsVisible = 0;
			defaultConfigurationName = Release;
		};
		ABA9FC3423DCEE7A00A153DE /* Build configuration list for PBXNativeTarget "SmartQR" */ = {
			isa = XCConfigurationList;
			buildConfigurations = (
				ABA9FC3523DCEE7A00A153DE /* Debug */,
				ABA9FC3623DCEE7A00A153DE /* Release */,
			);
			defaultConfigurationIsVisible = 0;
			defaultConfigurationName = Release;
		};
/* End XCConfigurationList section */
	};
	rootObject = ABA9FC1A23DCEE7800A153DE /* Project object */;
}
